{
  "requires": true,
  "lockfileVersion": 1,
  "dependencies": {
    "smartwizard": {
      "version": "5.1.1",
      "resolved": "https://registry.npmjs.org/smartwizard/-/smartwizard-5.1.1.tgz",
      "integrity": "sha512-AFeP/zDXOEE4/AsHTsWIHQC/HyJlavOus7EtCs2nwsh1MkRDNtRFFadOLXCw7BlgT9xExQwmSIqxZdXKHuyFrw=="
    }
  }
}
